// !$*UTF8*$!
{
	archiveVersion = 1;
	classes = {
	};
	objectVersion = 50;
	objects = {

/* Begin PBXBuildFile section */
		8817C94C256468EB000065FB /* OptionsViewController.swift in Sources */ = {isa = PBXBuildFile; fileRef = 8817C94B256468EB000065FB /* OptionsViewController.swift */; };
		881D66C3253F80BC00054303 /* Bond.swift in Sources */ = {isa = PBXBuildFile; fileRef = 881D66C2253F80BC00054303 /* Bond.swift */; };
		885BFABE251AA96D0042EB4C /* XYZ_test_3.xyz in Resources */ = {isa = PBXBuildFile; fileRef = 885BFABD251AA96D0042EB4C /* XYZ_test_3.xyz */; };
		885BFAC3251AB1E90042EB4C /* XYZ_test_4.xyz in Resources */ = {isa = PBXBuildFile; fileRef = 885BFAC2251AB1E90042EB4C /* XYZ_test_4.xyz */; };
		8871B85A24F967DB0051A5BA /* Co.xyz in Resources */ = {isa = PBXBuildFile; fileRef = 8871B85624F967DB0051A5BA /* Co.xyz */; };
		8871B85B24F967DB0051A5BA /* Rh.xyz in Resources */ = {isa = PBXBuildFile; fileRef = 8871B85724F967DB0051A5BA /* Rh.xyz */; };
		8871B85C24F967DB0051A5BA /* Ir_2.xyz in Resources */ = {isa = PBXBuildFile; fileRef = 8871B85824F967DB0051A5BA /* Ir_2.xyz */; };
		8871B85D24F967DB0051A5BA /* Ir.xyz in Resources */ = {isa = PBXBuildFile; fileRef = 8871B85924F967DB0051A5BA /* Ir.xyz */; };
		8871B85F24F9691B0051A5BA /* Rh copy.xyz in Resources */ = {isa = PBXBuildFile; fileRef = 8871B85E24F9691B0051A5BA /* Rh copy.xyz */; };
		8880B6832579D28300ADB56B /* NodeTechnique.plist in Resources */ = {isa = PBXBuildFile; fileRef = 8880B6812579D28300ADB56B /* NodeTechnique.plist */; };
		8880B6842579D28300ADB56B /* NodeRender.metal in Sources */ = {isa = PBXBuildFile; fileRef = 8880B6822579D28300ADB56B /* NodeRender.metal */; };
		888722DC252D023C000E808A /* XYZ_test_6.xyz in Resources */ = {isa = PBXBuildFile; fileRef = 888722DB252D023C000E808A /* XYZ_test_6.xyz */; };
		88A242A42560507700D67090 /* OH-EtBr-SN2-traj5 2.xyz in Resources */ = {isa = PBXBuildFile; fileRef = 88A242A32560507700D67090 /* OH-EtBr-SN2-traj5 2.xyz */; };
		88AC29BB250AD4D5000A24B8 /* XYZ_test_5.xyz in Resources */ = {isa = PBXBuildFile; fileRef = 88AC29BA250AD4D5000A24B8 /* XYZ_test_5.xyz */; };
		88ADFAFE2554977E003C5D8A /* OH-EtBr-SN2-traj5.xyz in Resources */ = {isa = PBXBuildFile; fileRef = 88ADFAFD2554977E003C5D8A /* OH-EtBr-SN2-traj5.xyz */; };
		88B82D6F24F57F1D0050F836 /* AppDelegate.swift in Sources */ = {isa = PBXBuildFile; fileRef = 88B82D6E24F57F1D0050F836 /* AppDelegate.swift */; };
		88B82D7124F57F1D0050F836 /* SceneDelegate.swift in Sources */ = {isa = PBXBuildFile; fileRef = 88B82D7024F57F1D0050F836 /* SceneDelegate.swift */; };
		88B82D7324F57F1D0050F836 /* 3DViewController.swift in Sources */ = {isa = PBXBuildFile; fileRef = 88B82D7224F57F1D0050F836 /* 3DViewController.swift */; };
		88B82D7624F57F1D0050F836 /* Main.storyboard in Resources */ = {isa = PBXBuildFile; fileRef = 88B82D7424F57F1D0050F836 /* Main.storyboard */; };
		88B82D7824F57F1E0050F836 /* Assets.xcassets in Resources */ = {isa = PBXBuildFile; fileRef = 88B82D7724F57F1E0050F836 /* Assets.xcassets */; };
		88B82D7B24F57F1E0050F836 /* LaunchScreen.storyboard in Resources */ = {isa = PBXBuildFile; fileRef = 88B82D7924F57F1E0050F836 /* LaunchScreen.storyboard */; };
		88B82D8624F57F1E0050F836 /* MoleculeDemo3Tests.swift in Sources */ = {isa = PBXBuildFile; fileRef = 88B82D8524F57F1E0050F836 /* MoleculeDemo3Tests.swift */; };
		88B82D9124F57F1E0050F836 /* MoleculeDemo3UITests.swift in Sources */ = {isa = PBXBuildFile; fileRef = 88B82D9024F57F1E0050F836 /* MoleculeDemo3UITests.swift */; };
		88B82DA124F57F3C0050F836 /* XYZ_2.xyz in Resources */ = {isa = PBXBuildFile; fileRef = 88B82D9F24F57F3C0050F836 /* XYZ_2.xyz */; };
		88B82DA224F57F3C0050F836 /* XYZ_1.xyz in Resources */ = {isa = PBXBuildFile; fileRef = 88B82DA024F57F3C0050F836 /* XYZ_1.xyz */; };
		88B82DA424F583BE0050F836 /* Atom.swift in Sources */ = {isa = PBXBuildFile; fileRef = 88B82DA324F583BE0050F836 /* Atom.swift */; };
		88B82DA624F583D40050F836 /* AtomInfo.swift in Sources */ = {isa = PBXBuildFile; fileRef = 88B82DA524F583D40050F836 /* AtomInfo.swift */; };
		88C45F502548D6850049DCF3 /* Timer.swift in Sources */ = {isa = PBXBuildFile; fileRef = 88C45F4F2548D6850049DCF3 /* Timer.swift */; };
		88DB3030252F960800AB899F /* MoleculeTableViewController.swift in Sources */ = {isa = PBXBuildFile; fileRef = 88DB302F252F960800AB899F /* MoleculeTableViewController.swift */; };
		88E2B01C256E05FE00C20672 /* SN2.xyz in Resources */ = {isa = PBXBuildFile; fileRef = 88E2B01B256E05FE00C20672 /* SN2.xyz */; };
/* End PBXBuildFile section */

/* Begin PBXContainerItemProxy section */
		88B82D8224F57F1E0050F836 /* PBXContainerItemProxy */ = {
			isa = PBXContainerItemProxy;
			containerPortal = 88B82D6324F57F1D0050F836 /* Project object */;
			proxyType = 1;
			remoteGlobalIDString = 88B82D6A24F57F1D0050F836;
			remoteInfo = MoleculeDemo3;
		};
		88B82D8D24F57F1E0050F836 /* PBXContainerItemProxy */ = {
			isa = PBXContainerItemProxy;
			containerPortal = 88B82D6324F57F1D0050F836 /* Project object */;
			proxyType = 1;
			remoteGlobalIDString = 88B82D6A24F57F1D0050F836;
			remoteInfo = MoleculeDemo3;
		};
/* End PBXContainerItemProxy section */

/* Begin PBXFileReference section */
		8817C94B256468EB000065FB /* OptionsViewController.swift */ = {isa = PBXFileReference; lastKnownFileType = sourcecode.swift; path = OptionsViewController.swift; sourceTree = "<group>"; };
		881D66C2253F80BC00054303 /* Bond.swift */ = {isa = PBXFileReference; lastKnownFileType = sourcecode.swift; path = Bond.swift; sourceTree = "<group>"; };
		885BFABD251AA96D0042EB4C /* XYZ_test_3.xyz */ = {isa = PBXFileReference; fileEncoding = 4; lastKnownFileType = text; path = XYZ_test_3.xyz; sourceTree = "<group>"; };
		885BFAC2251AB1E90042EB4C /* XYZ_test_4.xyz */ = {isa = PBXFileReference; fileEncoding = 4; lastKnownFileType = text; path = XYZ_test_4.xyz; sourceTree = "<group>"; };
		8871B85624F967DB0051A5BA /* Co.xyz */ = {isa = PBXFileReference; fileEncoding = 4; lastKnownFileType = text; name = Co.xyz; path = "../../../../../XYZ files/Co.xyz"; sourceTree = "<group>"; };
		8871B85724F967DB0051A5BA /* Rh.xyz */ = {isa = PBXFileReference; fileEncoding = 4; lastKnownFileType = text; name = Rh.xyz; path = "../../../../../XYZ files/Rh.xyz"; sourceTree = "<group>"; };
		8871B85824F967DB0051A5BA /* Ir_2.xyz */ = {isa = PBXFileReference; fileEncoding = 4; lastKnownFileType = text; name = Ir_2.xyz; path = "../../../../../XYZ files/Ir_2.xyz"; sourceTree = "<group>"; };
		8871B85924F967DB0051A5BA /* Ir.xyz */ = {isa = PBXFileReference; fileEncoding = 4; lastKnownFileType = text; name = Ir.xyz; path = "../../../../../XYZ files/Ir.xyz"; sourceTree = "<group>"; };
		8871B85E24F9691B0051A5BA /* Rh copy.xyz */ = {isa = PBXFileReference; fileEncoding = 4; lastKnownFileType = text; name = "Rh copy.xyz"; path = "../../../../../XYZ files/Rh copy.xyz"; sourceTree = "<group>"; };
		8880B6812579D28300ADB56B /* NodeTechnique.plist */ = {isa = PBXFileReference; fileEncoding = 4; lastKnownFileType = text.plist.xml; path = NodeTechnique.plist; sourceTree = "<group>"; };
		8880B6822579D28300ADB56B /* NodeRender.metal */ = {isa = PBXFileReference; fileEncoding = 4; lastKnownFileType = sourcecode.metal; path = NodeRender.metal; sourceTree = "<group>"; };
		888722DB252D023C000E808A /* XYZ_test_6.xyz */ = {isa = PBXFileReference; fileEncoding = 4; lastKnownFileType = text; path = XYZ_test_6.xyz; sourceTree = "<group>"; };
		88A242A32560507700D67090 /* OH-EtBr-SN2-traj5 2.xyz */ = {isa = PBXFileReference; fileEncoding = 4; lastKnownFileType = text; path = "OH-EtBr-SN2-traj5 2.xyz"; sourceTree = "<group>"; };
		88AC29BA250AD4D5000A24B8 /* XYZ_test_5.xyz */ = {isa = PBXFileReference; fileEncoding = 4; lastKnownFileType = text; name = XYZ_test_5.xyz; path = "../../../../../XYZ files/XYZ_test_5.xyz"; sourceTree = "<group>"; };
		88ADFAFD2554977E003C5D8A /* OH-EtBr-SN2-traj5.xyz */ = {isa = PBXFileReference; fileEncoding = 4; lastKnownFileType = text; path = "OH-EtBr-SN2-traj5.xyz"; sourceTree = "<group>"; };
		88B82D6B24F57F1D0050F836 /* MoleculeDemo4.app */ = {isa = PBXFileReference; explicitFileType = wrapper.application; includeInIndex = 0; path = MoleculeDemo4.app; sourceTree = BUILT_PRODUCTS_DIR; };
		88B82D6E24F57F1D0050F836 /* AppDelegate.swift */ = {isa = PBXFileReference; lastKnownFileType = sourcecode.swift; path = AppDelegate.swift; sourceTree = "<group>"; };
		88B82D7024F57F1D0050F836 /* SceneDelegate.swift */ = {isa = PBXFileReference; lastKnownFileType = sourcecode.swift; path = SceneDelegate.swift; sourceTree = "<group>"; };
		88B82D7224F57F1D0050F836 /* 3DViewController.swift */ = {isa = PBXFileReference; lastKnownFileType = sourcecode.swift; path = 3DViewController.swift; sourceTree = "<group>"; };
		88B82D7524F57F1D0050F836 /* Base */ = {isa = PBXFileReference; lastKnownFileType = file.storyboard; name = Base; path = Base.lproj/Main.storyboard; sourceTree = "<group>"; };
		88B82D7724F57F1E0050F836 /* Assets.xcassets */ = {isa = PBXFileReference; lastKnownFileType = folder.assetcatalog; path = Assets.xcassets; sourceTree = "<group>"; };
		88B82D7A24F57F1E0050F836 /* Base */ = {isa = PBXFileReference; lastKnownFileType = file.storyboard; name = Base; path = Base.lproj/LaunchScreen.storyboard; sourceTree = "<group>"; };
		88B82D7C24F57F1E0050F836 /* Info.plist */ = {isa = PBXFileReference; lastKnownFileType = text.plist.xml; path = Info.plist; sourceTree = "<group>"; };
		88B82D8124F57F1E0050F836 /* MoleculeDemo4Tests.xctest */ = {isa = PBXFileReference; explicitFileType = wrapper.cfbundle; includeInIndex = 0; path = MoleculeDemo4Tests.xctest; sourceTree = BUILT_PRODUCTS_DIR; };
		88B82D8524F57F1E0050F836 /* MoleculeDemo3Tests.swift */ = {isa = PBXFileReference; lastKnownFileType = sourcecode.swift; path = MoleculeDemo3Tests.swift; sourceTree = "<group>"; };
		88B82D8724F57F1E0050F836 /* Info.plist */ = {isa = PBXFileReference; lastKnownFileType = text.plist.xml; path = Info.plist; sourceTree = "<group>"; };
		88B82D8C24F57F1E0050F836 /* MoleculeDemo4UITests.xctest */ = {isa = PBXFileReference; explicitFileType = wrapper.cfbundle; includeInIndex = 0; path = MoleculeDemo4UITests.xctest; sourceTree = BUILT_PRODUCTS_DIR; };
		88B82D9024F57F1E0050F836 /* MoleculeDemo3UITests.swift */ = {isa = PBXFileReference; lastKnownFileType = sourcecode.swift; path = MoleculeDemo3UITests.swift; sourceTree = "<group>"; };
		88B82D9224F57F1E0050F836 /* Info.plist */ = {isa = PBXFileReference; lastKnownFileType = text.plist.xml; path = Info.plist; sourceTree = "<group>"; };
		88B82D9F24F57F3C0050F836 /* XYZ_2.xyz */ = {isa = PBXFileReference; fileEncoding = 4; lastKnownFileType = text; name = XYZ_2.xyz; path = "../../../../../XYZ files/XYZ_2.xyz"; sourceTree = "<group>"; };
		88B82DA024F57F3C0050F836 /* XYZ_1.xyz */ = {isa = PBXFileReference; fileEncoding = 4; lastKnownFileType = text; name = XYZ_1.xyz; path = "../../../../../XYZ files/XYZ_1.xyz"; sourceTree = "<group>"; };
		88B82DA324F583BE0050F836 /* Atom.swift */ = {isa = PBXFileReference; lastKnownFileType = sourcecode.swift; path = Atom.swift; sourceTree = "<group>"; };
		88B82DA524F583D40050F836 /* AtomInfo.swift */ = {isa = PBXFileReference; lastKnownFileType = sourcecode.swift; path = AtomInfo.swift; sourceTree = "<group>"; };
		88C45F4F2548D6850049DCF3 /* Timer.swift */ = {isa = PBXFileReference; lastKnownFileType = sourcecode.swift; path = Timer.swift; sourceTree = "<group>"; };
		88DB302F252F960800AB899F /* MoleculeTableViewController.swift */ = {isa = PBXFileReference; lastKnownFileType = sourcecode.swift; path = MoleculeTableViewController.swift; sourceTree = "<group>"; };
		88E2B01B256E05FE00C20672 /* SN2.xyz */ = {isa = PBXFileReference; fileEncoding = 4; lastKnownFileType = text; path = SN2.xyz; sourceTree = "<group>"; };
/* End PBXFileReference section */

/* Begin PBXFrameworksBuildPhase section */
		88B82D6824F57F1D0050F836 /* Frameworks */ = {
			isa = PBXFrameworksBuildPhase;
			buildActionMask = 2147483647;
			files = (
			);
			runOnlyForDeploymentPostprocessing = 0;
		};
		88B82D7E24F57F1E0050F836 /* Frameworks */ = {
			isa = PBXFrameworksBuildPhase;
			buildActionMask = 2147483647;
			files = (
			);
			runOnlyForDeploymentPostprocessing = 0;
		};
		88B82D8924F57F1E0050F836 /* Frameworks */ = {
			isa = PBXFrameworksBuildPhase;
			buildActionMask = 2147483647;
			files = (
			);
			runOnlyForDeploymentPostprocessing = 0;
		};
/* End PBXFrameworksBuildPhase section */

/* Begin PBXGroup section */
		88B82D6224F57F1D0050F836 = {
			isa = PBXGroup;
			children = (
				88B82D6D24F57F1D0050F836 /* MoleculeDemo3 */,
				88B82D8424F57F1E0050F836 /* MoleculeDemo3Tests */,
				88B82D8F24F57F1E0050F836 /* MoleculeDemo3UITests */,
				88B82D6C24F57F1D0050F836 /* Products */,
			);
			sourceTree = "<group>";
		};
		88B82D6C24F57F1D0050F836 /* Products */ = {
			isa = PBXGroup;
			children = (
				88B82D6B24F57F1D0050F836 /* MoleculeDemo4.app */,
				88B82D8124F57F1E0050F836 /* MoleculeDemo4Tests.xctest */,
				88B82D8C24F57F1E0050F836 /* MoleculeDemo4UITests.xctest */,
			);
			name = Products;
			sourceTree = "<group>";
		};
		88B82D6D24F57F1D0050F836 /* MoleculeDemo3 */ = {
			isa = PBXGroup;
			children = (
				88B82D7424F57F1D0050F836 /* Main.storyboard */,
				88B82D7224F57F1D0050F836 /* 3DViewController.swift */,
				8817C94B256468EB000065FB /* OptionsViewController.swift */,
				88C45F4F2548D6850049DCF3 /* Timer.swift */,
				88B82DA324F583BE0050F836 /* Atom.swift */,
				881D66C2253F80BC00054303 /* Bond.swift */,
				88B82DA524F583D40050F836 /* AtomInfo.swift */,
				88DB302F252F960800AB899F /* MoleculeTableViewController.swift */,
				8880B6822579D28300ADB56B /* NodeRender.metal */,
				8880B6812579D28300ADB56B /* NodeTechnique.plist */,
				88B82D9E24F57F290050F836 /* XYZ Files */,
				88B82D7724F57F1E0050F836 /* Assets.xcassets */,
				88B82D6E24F57F1D0050F836 /* AppDelegate.swift */,
				88B82D7024F57F1D0050F836 /* SceneDelegate.swift */,
				88B82D7924F57F1E0050F836 /* LaunchScreen.storyboard */,
				88B82D7C24F57F1E0050F836 /* Info.plist */,
			);
			path = MoleculeDemo3;
			sourceTree = "<group>";
		};
		88B82D8424F57F1E0050F836 /* MoleculeDemo3Tests */ = {
			isa = PBXGroup;
			children = (
				88B82D8524F57F1E0050F836 /* MoleculeDemo3Tests.swift */,
				88B82D8724F57F1E0050F836 /* Info.plist */,
			);
			path = MoleculeDemo3Tests;
			sourceTree = "<group>";
		};
		88B82D8F24F57F1E0050F836 /* MoleculeDemo3UITests */ = {
			isa = PBXGroup;
			children = (
				88B82D9024F57F1E0050F836 /* MoleculeDemo3UITests.swift */,
				88B82D9224F57F1E0050F836 /* Info.plist */,
			);
			path = MoleculeDemo3UITests;
			sourceTree = "<group>";
		};
		88B82D9E24F57F290050F836 /* XYZ Files */ = {
			isa = PBXGroup;
			children = (
				88E2B01B256E05FE00C20672 /* SN2.xyz */,
				88ADFAFD2554977E003C5D8A /* OH-EtBr-SN2-traj5.xyz */,
				88A242A32560507700D67090 /* OH-EtBr-SN2-traj5 2.xyz */,
				888722DB252D023C000E808A /* XYZ_test_6.xyz */,
				88B82DA024F57F3C0050F836 /* XYZ_1.xyz */,
				88B82D9F24F57F3C0050F836 /* XYZ_2.xyz */,
				8871B85624F967DB0051A5BA /* Co.xyz */,
				8871B85824F967DB0051A5BA /* Ir_2.xyz */,
				8871B85924F967DB0051A5BA /* Ir.xyz */,
				8871B85724F967DB0051A5BA /* Rh.xyz */,
				8871B85E24F9691B0051A5BA /* Rh copy.xyz */,
				885BFABD251AA96D0042EB4C /* XYZ_test_3.xyz */,
				885BFAC2251AB1E90042EB4C /* XYZ_test_4.xyz */,
				88AC29BA250AD4D5000A24B8 /* XYZ_test_5.xyz */,
			);
			path = "XYZ Files";
			sourceTree = "<group>";
		};
/* End PBXGroup section */

/* Begin PBXNativeTarget section */
		88B82D6A24F57F1D0050F836 /* MoleculeDemo4 */ = {
			isa = PBXNativeTarget;
			buildConfigurationList = 88B82D9524F57F1E0050F836 /* Build configuration list for PBXNativeTarget "MoleculeDemo4" */;
			buildPhases = (
				88B82D6724F57F1D0050F836 /* Sources */,
				88B82D6824F57F1D0050F836 /* Frameworks */,
				88B82D6924F57F1D0050F836 /* Resources */,
			);
			buildRules = (
			);
			dependencies = (
			);
			name = MoleculeDemo4;
			productName = MoleculeDemo3;
			productReference = 88B82D6B24F57F1D0050F836 /* MoleculeDemo4.app */;
			productType = "com.apple.product-type.application";
		};
		88B82D8024F57F1E0050F836 /* MoleculeDemo4Tests */ = {
			isa = PBXNativeTarget;
			buildConfigurationList = 88B82D9824F57F1E0050F836 /* Build configuration list for PBXNativeTarget "MoleculeDemo4Tests" */;
			buildPhases = (
				88B82D7D24F57F1E0050F836 /* Sources */,
				88B82D7E24F57F1E0050F836 /* Frameworks */,
				88B82D7F24F57F1E0050F836 /* Resources */,
			);
			buildRules = (
			);
			dependencies = (
				88B82D8324F57F1E0050F836 /* PBXTargetDependency */,
			);
			name = MoleculeDemo4Tests;
			productName = MoleculeDemo3Tests;
			productReference = 88B82D8124F57F1E0050F836 /* MoleculeDemo4Tests.xctest */;
			productType = "com.apple.product-type.bundle.unit-test";
		};
		88B82D8B24F57F1E0050F836 /* MoleculeDemo4UITests */ = {
			isa = PBXNativeTarget;
			buildConfigurationList = 88B82D9B24F57F1E0050F836 /* Build configuration list for PBXNativeTarget "MoleculeDemo4UITests" */;
			buildPhases = (
				88B82D8824F57F1E0050F836 /* Sources */,
				88B82D8924F57F1E0050F836 /* Frameworks */,
				88B82D8A24F57F1E0050F836 /* Resources */,
			);
			buildRules = (
			);
			dependencies = (
				88B82D8E24F57F1E0050F836 /* PBXTargetDependency */,
			);
			name = MoleculeDemo4UITests;
			productName = MoleculeDemo3UITests;
			productReference = 88B82D8C24F57F1E0050F836 /* MoleculeDemo4UITests.xctest */;
			productType = "com.apple.product-type.bundle.ui-testing";
		};
/* End PBXNativeTarget section */

/* Begin PBXProject section */
		88B82D6324F57F1D0050F836 /* Project object */ = {
			isa = PBXProject;
			attributes = {
				LastSwiftUpdateCheck = 1160;
				LastUpgradeCheck = 1200;
				ORGANIZATIONNAME = "Gabriel Reed";
				TargetAttributes = {
					88B82D6A24F57F1D0050F836 = {
						CreatedOnToolsVersion = 11.6;
						LastSwiftMigration = 1210;
					};
					88B82D8024F57F1E0050F836 = {
						CreatedOnToolsVersion = 11.6;
						TestTargetID = 88B82D6A24F57F1D0050F836;
					};
					88B82D8B24F57F1E0050F836 = {
						CreatedOnToolsVersion = 11.6;
						TestTargetID = 88B82D6A24F57F1D0050F836;
					};
				};
			};
			buildConfigurationList = 88B82D6624F57F1D0050F836 /* Build configuration list for PBXProject "MoleculeDemo4" */;
			compatibilityVersion = "Xcode 9.3";
			developmentRegion = en;
			hasScannedForEncodings = 0;
			knownRegions = (
				en,
				Base,
			);
			mainGroup = 88B82D6224F57F1D0050F836;
			productRefGroup = 88B82D6C24F57F1D0050F836 /* Products */;
			projectDirPath = "";
			projectRoot = "";
			targets = (
				88B82D6A24F57F1D0050F836 /* MoleculeDemo4 */,
				88B82D8024F57F1E0050F836 /* MoleculeDemo4Tests */,
				88B82D8B24F57F1E0050F836 /* MoleculeDemo4UITests */,
			);
		};
/* End PBXProject section */

/* Begin PBXResourcesBuildPhase section */
		88B82D6924F57F1D0050F836 /* Resources */ = {
			isa = PBXResourcesBuildPhase;
			buildActionMask = 2147483647;
			files = (
				88B82D7B24F57F1E0050F836 /* LaunchScreen.storyboard in Resources */,
				885BFAC3251AB1E90042EB4C /* XYZ_test_4.xyz in Resources */,
				88AC29BB250AD4D5000A24B8 /* XYZ_test_5.xyz in Resources */,
				8880B6832579D28300ADB56B /* NodeTechnique.plist in Resources */,
				8871B85A24F967DB0051A5BA /* Co.xyz in Resources */,
				888722DC252D023C000E808A /* XYZ_test_6.xyz in Resources */,
				88B82D7824F57F1E0050F836 /* Assets.xcassets in Resources */,
				88A242A42560507700D67090 /* OH-EtBr-SN2-traj5 2.xyz in Resources */,
				88B82DA224F57F3C0050F836 /* XYZ_1.xyz in Resources */,
				88B82DA124F57F3C0050F836 /* XYZ_2.xyz in Resources */,
				88ADFAFE2554977E003C5D8A /* OH-EtBr-SN2-traj5.xyz in Resources */,
				88E2B01C256E05FE00C20672 /* SN2.xyz in Resources */,
				8871B85C24F967DB0051A5BA /* Ir_2.xyz in Resources */,
				885BFABE251AA96D0042EB4C /* XYZ_test_3.xyz in Resources */,
				8871B85B24F967DB0051A5BA /* Rh.xyz in Resources */,
				8871B85F24F9691B0051A5BA /* Rh copy.xyz in Resources */,
				8871B85D24F967DB0051A5BA /* Ir.xyz in Resources */,
				88B82D7624F57F1D0050F836 /* Main.storyboard in Resources */,
			);
			runOnlyForDeploymentPostprocessing = 0;
		};
		88B82D7F24F57F1E0050F836 /* Resources */ = {
			isa = PBXResourcesBuildPhase;
			buildActionMask = 2147483647;
			files = (
			);
			runOnlyForDeploymentPostprocessing = 0;
		};
		88B82D8A24F57F1E0050F836 /* Resources */ = {
			isa = PBXResourcesBuildPhase;
			buildActionMask = 2147483647;
			files = (
			);
			runOnlyForDeploymentPostprocessing = 0;
		};
/* End PBXResourcesBuildPhase section */

/* Begin PBXSourcesBuildPhase section */
		88B82D6724F57F1D0050F836 /* Sources */ = {
			isa = PBXSourcesBuildPhase;
			buildActionMask = 2147483647;
			files = (
				88B82DA624F583D40050F836 /* AtomInfo.swift in Sources */,
				88B82D7324F57F1D0050F836 /* 3DViewController.swift in Sources */,
				88B82D6F24F57F1D0050F836 /* AppDelegate.swift in Sources */,
				8880B6842579D28300ADB56B /* NodeRender.metal in Sources */,
				8817C94C256468EB000065FB /* OptionsViewController.swift in Sources */,
				881D66C3253F80BC00054303 /* Bond.swift in Sources */,
				88DB3030252F960800AB899F /* MoleculeTableViewController.swift in Sources */,
				88B82DA424F583BE0050F836 /* Atom.swift in Sources */,
				88B82D7124F57F1D0050F836 /* SceneDelegate.swift in Sources */,
				88C45F502548D6850049DCF3 /* Timer.swift in Sources */,
			);
			runOnlyForDeploymentPostprocessing = 0;
		};
		88B82D7D24F57F1E0050F836 /* Sources */ = {
			isa = PBXSourcesBuildPhase;
			buildActionMask = 2147483647;
			files = (
				88B82D8624F57F1E0050F836 /* MoleculeDemo3Tests.swift in Sources */,
			);
			runOnlyForDeploymentPostprocessing = 0;
		};
		88B82D8824F57F1E0050F836 /* Sources */ = {
			isa = PBXSourcesBuildPhase;
			buildActionMask = 2147483647;
			files = (
				88B82D9124F57F1E0050F836 /* MoleculeDemo3UITests.swift in Sources */,
			);
			runOnlyForDeploymentPostprocessing = 0;
		};
/* End PBXSourcesBuildPhase section */

/* Begin PBXTargetDependency section */
		88B82D8324F57F1E0050F836 /* PBXTargetDependency */ = {
			isa = PBXTargetDependency;
			target = 88B82D6A24F57F1D0050F836 /* MoleculeDemo4 */;
			targetProxy = 88B82D8224F57F1E0050F836 /* PBXContainerItemProxy */;
		};
		88B82D8E24F57F1E0050F836 /* PBXTargetDependency */ = {
			isa = PBXTargetDependency;
			target = 88B82D6A24F57F1D0050F836 /* MoleculeDemo4 */;
			targetProxy = 88B82D8D24F57F1E0050F836 /* PBXContainerItemProxy */;
		};
/* End PBXTargetDependency section */

/* Begin PBXVariantGroup section */
		88B82D7424F57F1D0050F836 /* Main.storyboard */ = {
			isa = PBXVariantGroup;
			children = (
				88B82D7524F57F1D0050F836 /* Base */,
			);
			name = Main.storyboard;
			sourceTree = "<group>";
		};
		88B82D7924F57F1E0050F836 /* LaunchScreen.storyboard */ = {
			isa = PBXVariantGroup;
			children = (
				88B82D7A24F57F1E0050F836 /* Base */,
			);
			name = LaunchScreen.storyboard;
			sourceTree = "<group>";
		};
/* End PBXVariantGroup section */

/* Begin XCBuildConfiguration section */
		88B82D9324F57F1E0050F836 /* Debug */ = {
			isa = XCBuildConfiguration;
			buildSettings = {
				ALWAYS_SEARCH_USER_PATHS = NO;
				CLANG_ANALYZER_NONNULL = YES;
				CLANG_ANALYZER_NUMBER_OBJECT_CONVERSION = YES_AGGRESSIVE;
				CLANG_CXX_LANGUAGE_STANDARD = "gnu++14";
				CLANG_CXX_LIBRARY = "libc++";
				CLANG_ENABLE_MODULES = YES;
				CLANG_ENABLE_OBJC_ARC = YES;
				CLANG_ENABLE_OBJC_WEAK = YES;
				CLANG_WARN_BLOCK_CAPTURE_AUTORELEASING = YES;
				CLANG_WARN_BOOL_CONVERSION = YES;
				CLANG_WARN_COMMA = YES;
				CLANG_WARN_CONSTANT_CONVERSION = YES;
				CLANG_WARN_DEPRECATED_OBJC_IMPLEMENTATIONS = YES;
				CLANG_WARN_DIRECT_OBJC_ISA_USAGE = YES_ERROR;
				CLANG_WARN_DOCUMENTATION_COMMENTS = YES;
				CLANG_WARN_EMPTY_BODY = YES;
				CLANG_WARN_ENUM_CONVERSION = YES;
				CLANG_WARN_INFINITE_RECURSION = YES;
				CLANG_WARN_INT_CONVERSION = YES;
				CLANG_WARN_NON_LITERAL_NULL_CONVERSION = YES;
				CLANG_WARN_OBJC_IMPLICIT_RETAIN_SELF = YES;
				CLANG_WARN_OBJC_LITERAL_CONVERSION = YES;
				CLANG_WARN_OBJC_ROOT_CLASS = YES_ERROR;
				CLANG_WARN_QUOTED_INCLUDE_IN_FRAMEWORK_HEADER = YES;
				CLANG_WARN_RANGE_LOOP_ANALYSIS = YES;
				CLANG_WARN_STRICT_PROTOTYPES = YES;
				CLANG_WARN_SUSPICIOUS_MOVE = YES;
				CLANG_WARN_UNGUARDED_AVAILABILITY = YES_AGGRESSIVE;
				CLANG_WARN_UNREACHABLE_CODE = YES;
				CLANG_WARN__DUPLICATE_METHOD_MATCH = YES;
				COPY_PHASE_STRIP = NO;
				DEBUG_INFORMATION_FORMAT = dwarf;
				ENABLE_STRICT_OBJC_MSGSEND = YES;
				ENABLE_TESTABILITY = YES;
				GCC_C_LANGUAGE_STANDARD = gnu11;
				GCC_DYNAMIC_NO_PIC = NO;
				GCC_NO_COMMON_BLOCKS = YES;
				GCC_OPTIMIZATION_LEVEL = 0;
				GCC_PREPROCESSOR_DEFINITIONS = (
					"DEBUG=1",
					"$(inherited)",
				);
				GCC_WARN_64_TO_32_BIT_CONVERSION = YES;
				GCC_WARN_ABOUT_RETURN_TYPE = YES_ERROR;
				GCC_WARN_UNDECLARED_SELECTOR = YES;
				GCC_WARN_UNINITIALIZED_AUTOS = YES_AGGRESSIVE;
				GCC_WARN_UNUSED_FUNCTION = YES;
				GCC_WARN_UNUSED_VARIABLE = YES;
				IPHONEOS_DEPLOYMENT_TARGET = 14.3;
				MTL_ENABLE_DEBUG_INFO = INCLUDE_SOURCE;
				MTL_FAST_MATH = YES;
				ONLY_ACTIVE_ARCH = YES;
				SDKROOT = iphoneos;
				SWIFT_ACTIVE_COMPILATION_CONDITIONS = DEBUG;
				SWIFT_OPTIMIZATION_LEVEL = "-Onone";
			};
			name = Debug;
		};
		88B82D9424F57F1E0050F836 /* Release */ = {
			isa = XCBuildConfiguration;
			buildSettings = {
				ALWAYS_SEARCH_USER_PATHS = NO;
				CLANG_ANALYZER_NONNULL = YES;
				CLANG_ANALYZER_NUMBER_OBJECT_CONVERSION = YES_AGGRESSIVE;
				CLANG_CXX_LANGUAGE_STANDARD = "gnu++14";
				CLANG_CXX_LIBRARY = "libc++";
				CLANG_ENABLE_MODULES = YES;
				CLANG_ENABLE_OBJC_ARC = YES;
				CLANG_ENABLE_OBJC_WEAK = YES;
				CLANG_WARN_BLOCK_CAPTURE_AUTORELEASING = YES;
				CLANG_WARN_BOOL_CONVERSION = YES;
				CLANG_WARN_COMMA = YES;
				CLANG_WARN_CONSTANT_CONVERSION = YES;
				CLANG_WARN_DEPRECATED_OBJC_IMPLEMENTATIONS = YES;
				CLANG_WARN_DIRECT_OBJC_ISA_USAGE = YES_ERROR;
				CLANG_WARN_DOCUMENTATION_COMMENTS = YES;
				CLANG_WARN_EMPTY_BODY = YES;
				CLANG_WARN_ENUM_CONVERSION = YES;
				CLANG_WARN_INFINITE_RECURSION = YES;
				CLANG_WARN_INT_CONVERSION = YES;
				CLANG_WARN_NON_LITERAL_NULL_CONVERSION = YES;
				CLANG_WARN_OBJC_IMPLICIT_RETAIN_SELF = YES;
				CLANG_WARN_OBJC_LITERAL_CONVERSION = YES;
				CLANG_WARN_OBJC_ROOT_CLASS = YES_ERROR;
				CLANG_WARN_QUOTED_INCLUDE_IN_FRAMEWORK_HEADER = YES;
				CLANG_WARN_RANGE_LOOP_ANALYSIS = YES;
				CLANG_WARN_STRICT_PROTOTYPES = YES;
				CLANG_WARN_SUSPICIOUS_MOVE = YES;
				CLANG_WARN_UNGUARDED_AVAILABILITY = YES_AGGRESSIVE;
				CLANG_WARN_UNREACHABLE_CODE = YES;
				CLANG_WARN__DUPLICATE_METHOD_MATCH = YES;
				COPY_PHASE_STRIP = NO;
				DEBUG_INFORMATION_FORMAT = "dwarf-with-dsym";
				ENABLE_NS_ASSERTIONS = NO;
				ENABLE_STRICT_OBJC_MSGSEND = YES;
				GCC_C_LANGUAGE_STANDARD = gnu11;
				GCC_NO_COMMON_BLOCKS = YES;
				GCC_WARN_64_TO_32_BIT_CONVERSION = YES;
				GCC_WARN_ABOUT_RETURN_TYPE = YES_ERROR;
				GCC_WARN_UNDECLARED_SELECTOR = YES;
				GCC_WARN_UNINITIALIZED_AUTOS = YES_AGGRESSIVE;
				GCC_WARN_UNUSED_FUNCTION = YES;
				GCC_WARN_UNUSED_VARIABLE = YES;
				IPHONEOS_DEPLOYMENT_TARGET = 14.3;
				MTL_ENABLE_DEBUG_INFO = NO;
				MTL_FAST_MATH = YES;
				SDKROOT = iphoneos;
				SWIFT_COMPILATION_MODE = wholemodule;
				SWIFT_OPTIMIZATION_LEVEL = "-O";
				VALIDATE_PRODUCT = YES;
			};
			name = Release;
		};
		88B82D9624F57F1E0050F836 /* Debug */ = {
			isa = XCBuildConfiguration;
			buildSettings = {
				ASSETCATALOG_COMPILER_APPICON_NAME = AppIcon;
				CLANG_ENABLE_MODULES = YES;
				CODE_SIGN_STYLE = Automatic;
				DEVELOPMENT_TEAM = 7XY4V4PZH2;
				GCC_WARN_INHIBIT_ALL_WARNINGS = NO;
				INFOPLIST_FILE = MoleculeDemo3/Info.plist;
				LD_RUNPATH_SEARCH_PATHS = (
					"$(inherited)",
					"@executable_path/Frameworks",
				);
				PRODUCT_BUNDLE_IDENTIFIER = com.gabetrotro.MoleculeDemo4;
				PRODUCT_NAME = MoleculeDemo4;
				SWIFT_OPTIMIZATION_LEVEL = "-Onone";
				SWIFT_VERSION = 5.0;
				TARGETED_DEVICE_FAMILY = "1,2";
			};
			name = Debug;
		};
		88B82D9724F57F1E0050F836 /* Release */ = {
			isa = XCBuildConfiguration;
			buildSettings = {
				ASSETCATALOG_COMPILER_APPICON_NAME = AppIcon;
				CLANG_ENABLE_MODULES = YES;
				CODE_SIGN_STYLE = Automatic;
				DEVELOPMENT_TEAM = 7XY4V4PZH2;
				INFOPLIST_FILE = MoleculeDemo3/Info.plist;
				LD_RUNPATH_SEARCH_PATHS = (
					"$(inherited)",
					"@executable_path/Frameworks",
				);
				PRODUCT_BUNDLE_IDENTIFIER = com.gabetrotro.MoleculeDemo4;
				PRODUCT_NAME = MoleculeDemo4;
				SWIFT_VERSION = 5.0;
				TARGETED_DEVICE_FAMILY = "1,2";
			};
			name = Release;
		};
		88B82D9924F57F1E0050F836 /* Debug */ = {
			isa = XCBuildConfiguration;
			buildSettings = {
				ALWAYS_EMBED_SWIFT_STANDARD_LIBRARIES = YES;
				BUNDLE_LOADER = "$(TEST_HOST)";
				CODE_SIGN_STYLE = Automatic;
				INFOPLIST_FILE = MoleculeDemo3Tests/Info.plist;
				IPHONEOS_DEPLOYMENT_TARGET = 13.6;
				LD_RUNPATH_SEARCH_PATHS = (
					"$(inherited)",
					"@executable_path/Frameworks",
					"@loader_path/Frameworks",
				);
				PRODUCT_BUNDLE_IDENTIFIER = com.gabetrotro.MoleculeDemo3Tests;
				PRODUCT_NAME = "$(TARGET_NAME)";
				SWIFT_VERSION = 5.0;
				TARGETED_DEVICE_FAMILY = "1,2";
				TEST_HOST = "$(BUILT_PRODUCTS_DIR)/MoleculeDemo4.app/MoleculeDemo4";
			};
			name = Debug;
		};
		88B82D9A24F57F1E0050F836 /* Release */ = {
			isa = XCBuildConfiguration;
			buildSettings = {
				ALWAYS_EMBED_SWIFT_STANDARD_LIBRARIES = YES;
				BUNDLE_LOADER = "$(TEST_HOST)";
				CODE_SIGN_STYLE = Automatic;
				INFOPLIST_FILE = MoleculeDemo3Tests/Info.plist;
				IPHONEOS_DEPLOYMENT_TARGET = 13.6;
				LD_RUNPATH_SEARCH_PATHS = (
					"$(inherited)",
					"@executable_path/Frameworks",
					"@loader_path/Frameworks",
				);
				PRODUCT_BUNDLE_IDENTIFIER = com.gabetrotro.MoleculeDemo3Tests;
				PRODUCT_NAME = "$(TARGET_NAME)";
				SWIFT_VERSION = 5.0;
				TARGETED_DEVICE_FAMILY = "1,2";
				TEST_HOST = "$(BUILT_PRODUCTS_DIR)/MoleculeDemo4.app/MoleculeDemo4";
			};
			name = Release;
		};
		88B82D9C24F57F1E0050F836 /* Debug */ = {
			isa = XCBuildConfiguration;
			buildSettings = {
				ALWAYS_EMBED_SWIFT_STANDARD_LIBRARIES = YES;
				CODE_SIGN_STYLE = Automatic;
				INFOPLIST_FILE = MoleculeDemo3UITests/Info.plist;
				LD_RUNPATH_SEARCH_PATHS = (
					"$(inherited)",
					"@executable_path/Frameworks",
					"@loader_path/Frameworks",
				);
				PRODUCT_BUNDLE_IDENTIFIER = com.gabetrotro.MoleculeDemo3UITests;
				PRODUCT_NAME = "$(TARGET_NAME)";
				SWIFT_VERSION = 5.0;
				TARGETED_DEVICE_FAMILY = "1,2";
				TEST_TARGET_NAME = MoleculeDemo3;
			};
			name = Debug;
		};
		88B82D9D24F57F1E0050F836 /* Release */ = {
			isa = XCBuildConfiguration;
			buildSettings = {
				ALWAYS_EMBED_SWIFT_STANDARD_LIBRARIES = YES;
				CODE_SIGN_STYLE = Automatic;
				INFOPLIST_FILE = MoleculeDemo3UITests/Info.plist;
				LD_RUNPATH_SEARCH_PATHS = (
					"$(inherited)",
					"@executable_path/Frameworks",
					"@loader_path/Frameworks",
				);
				PRODUCT_BUNDLE_IDENTIFIER = com.gabetrotro.MoleculeDemo3UITests;
				PRODUCT_NAME = "$(TARGET_NAME)";
				SWIFT_VERSION = 5.0;
				TARGETED_DEVICE_FAMILY = "1,2";
				TEST_TARGET_NAME = MoleculeDemo3;
			};
			name = Release;
		};
/* End XCBuildConfiguration section */

/* Begin XCConfigurationList section */
		88B82D6624F57F1D0050F836 /* Build configuration list for PBXProject "MoleculeDemo4" */ = {
			isa = XCConfigurationList;
			buildConfigurations = (
				88B82D9324F57F1E0050F836 /* Debug */,
				88B82D9424F57F1E0050F836 /* Release */,
			);
			defaultConfigurationIsVisible = 0;
			defaultConfigurationName = Release;
		};
		88B82D9524F57F1E0050F836 /* Build configuration list for PBXNativeTarget "MoleculeDemo4" */ = {
			isa = XCConfigurationList;
			buildConfigurations = (
				88B82D9624F57F1E0050F836 /* Debug */,
				88B82D9724F57F1E0050F836 /* Release */,
			);
			defaultConfigurationIsVisible = 0;
			defaultConfigurationName = Release;
		};
		88B82D9824F57F1E0050F836 /* Build configuration list for PBXNativeTarget "MoleculeDemo4Tests" */ = {
			isa = XCConfigurationList;
			buildConfigurations = (
				88B82D9924F57F1E0050F836 /* Debug */,
				88B82D9A24F57F1E0050F836 /* Release */,
			);
			defaultConfigurationIsVisible = 0;
			defaultConfigurationName = Release;
		};
		88B82D9B24F57F1E0050F836 /* Build configuration list for PBXNativeTarget "MoleculeDemo4UITests" */ = {
			isa = XCConfigurationList;
			buildConfigurations = (
				88B82D9C24F57F1E0050F836 /* Debug */,
				88B82D9D24F57F1E0050F836 /* Release */,
			);
			defaultConfigurationIsVisible = 0;
			defaultConfigurationName = Release;
		};
/* End XCConfigurationList section */
	};
	rootObject = 88B82D6324F57F1D0050F836 /* Project object */;
}
