// !$*UTF8*$!
{
	archiveVersion = 1;
	classes = {
	};
	objectVersion = 50;
	objects = {

/* Begin PBXBuildFile section */
		88149A6025A648C500C7420F /* Bonds.swift in Sources */ = {isa = PBXBuildFile; fileRef = 88149A5F25A648C500C7420F /* Bonds.swift */; };
		88BB930E25A43F760093746B /* AppDelegate.swift in Sources */ = {isa = PBXBuildFile; fileRef = 88BB930D25A43F760093746B /* AppDelegate.swift */; };
		88BB931025A43F760093746B /* SceneDelegate.swift in Sources */ = {isa = PBXBuildFile; fileRef = 88BB930F25A43F760093746B /* SceneDelegate.swift */; };
		88BB931225A43F760093746B /* ViewController.swift in Sources */ = {isa = PBXBuildFile; fileRef = 88BB931125A43F760093746B /* ViewController.swift */; };
		88BB931525A43F760093746B /* Main.storyboard in Resources */ = {isa = PBXBuildFile; fileRef = 88BB931325A43F760093746B /* Main.storyboard */; };
		88BB931725A43F790093746B /* Assets.xcassets in Resources */ = {isa = PBXBuildFile; fileRef = 88BB931625A43F790093746B /* Assets.xcassets */; };
		88BB931A25A43F790093746B /* LaunchScreen.storyboard in Resources */ = {isa = PBXBuildFile; fileRef = 88BB931825A43F790093746B /* LaunchScreen.storyboard */; };
		88BB932525A43F790093746B /* iORATests.swift in Sources */ = {isa = PBXBuildFile; fileRef = 88BB932425A43F790093746B /* iORATests.swift */; };
		88BB933025A43F7A0093746B /* iORAUITests.swift in Sources */ = {isa = PBXBuildFile; fileRef = 88BB932F25A43F7A0093746B /* iORAUITests.swift */; };
		88BB934125A43F970093746B /* Atoms.swift in Sources */ = {isa = PBXBuildFile; fileRef = 88BB934025A43F970093746B /* Atoms.swift */; };
		88BB934625A441660093746B /* SN2.xyz in Resources */ = {isa = PBXBuildFile; fileRef = 88BB934525A441660093746B /* SN2.xyz */; };
		88BB934F25A4F6D20093746B /* AtomInfo.swift in Sources */ = {isa = PBXBuildFile; fileRef = 88BB934E25A4F6D10093746B /* AtomInfo.swift */; };
		88D431F125B65A490039C051 /* Single.xyz in Resources */ = {isa = PBXBuildFile; fileRef = 88D431F025B65A480039C051 /* Single.xyz */; };
/* End PBXBuildFile section */

/* Begin PBXContainerItemProxy section */
		88BB932125A43F790093746B /* PBXContainerItemProxy */ = {
			isa = PBXContainerItemProxy;
			containerPortal = 88BB930225A43F760093746B /* Project object */;
			proxyType = 1;
			remoteGlobalIDString = 88BB930925A43F760093746B;
			remoteInfo = iORA;
		};
		88BB932C25A43F7A0093746B /* PBXContainerItemProxy */ = {
			isa = PBXContainerItemProxy;
			containerPortal = 88BB930225A43F760093746B /* Project object */;
			proxyType = 1;
			remoteGlobalIDString = 88BB930925A43F760093746B;
			remoteInfo = iORA;
		};
/* End PBXContainerItemProxy section */

/* Begin PBXFileReference section */
		88149A5F25A648C500C7420F /* Bonds.swift */ = {isa = PBXFileReference; lastKnownFileType = sourcecode.swift; path = Bonds.swift; sourceTree = "<group>"; };
		88BB930A25A43F760093746B /* iORA.app */ = {isa = PBXFileReference; explicitFileType = wrapper.application; includeInIndex = 0; path = iORA.app; sourceTree = BUILT_PRODUCTS_DIR; };
		88BB930D25A43F760093746B /* AppDelegate.swift */ = {isa = PBXFileReference; lastKnownFileType = sourcecode.swift; path = AppDelegate.swift; sourceTree = "<group>"; };
		88BB930F25A43F760093746B /* SceneDelegate.swift */ = {isa = PBXFileReference; lastKnownFileType = sourcecode.swift; path = SceneDelegate.swift; sourceTree = "<group>"; };
		88BB931125A43F760093746B /* ViewController.swift */ = {isa = PBXFileReference; lastKnownFileType = sourcecode.swift; path = ViewController.swift; sourceTree = "<group>"; };
		88BB931425A43F760093746B /* Base */ = {isa = PBXFileReference; lastKnownFileType = file.storyboard; name = Base; path = Base.lproj/Main.storyboard; sourceTree = "<group>"; };
		88BB931625A43F790093746B /* Assets.xcassets */ = {isa = PBXFileReference; lastKnownFileType = folder.assetcatalog; path = Assets.xcassets; sourceTree = "<group>"; };
		88BB931925A43F790093746B /* Base */ = {isa = PBXFileReference; lastKnownFileType = file.storyboard; name = Base; path = Base.lproj/LaunchScreen.storyboard; sourceTree = "<group>"; };
		88BB931B25A43F790093746B /* Info.plist */ = {isa = PBXFileReference; lastKnownFileType = text.plist.xml; path = Info.plist; sourceTree = "<group>"; };
		88BB932025A43F790093746B /* iORATests.xctest */ = {isa = PBXFileReference; explicitFileType = wrapper.cfbundle; includeInIndex = 0; path = iORATests.xctest; sourceTree = BUILT_PRODUCTS_DIR; };
		88BB932425A43F790093746B /* iORATests.swift */ = {isa = PBXFileReference; lastKnownFileType = sourcecode.swift; path = iORATests.swift; sourceTree = "<group>"; };
		88BB932625A43F790093746B /* Info.plist */ = {isa = PBXFileReference; lastKnownFileType = text.plist.xml; path = Info.plist; sourceTree = "<group>"; };
		88BB932B25A43F7A0093746B /* iORAUITests.xctest */ = {isa = PBXFileReference; explicitFileType = wrapper.cfbundle; includeInIndex = 0; path = iORAUITests.xctest; sourceTree = BUILT_PRODUCTS_DIR; };
		88BB932F25A43F7A0093746B /* iORAUITests.swift */ = {isa = PBXFileReference; lastKnownFileType = sourcecode.swift; path = iORAUITests.swift; sourceTree = "<group>"; };
		88BB933125A43F7A0093746B /* Info.plist */ = {isa = PBXFileReference; lastKnownFileType = text.plist.xml; path = Info.plist; sourceTree = "<group>"; };
		88BB934025A43F970093746B /* Atoms.swift */ = {isa = PBXFileReference; lastKnownFileType = sourcecode.swift; path = Atoms.swift; sourceTree = "<group>"; };
		88BB934525A441660093746B /* SN2.xyz */ = {isa = PBXFileReference; fileEncoding = 4; lastKnownFileType = text; path = SN2.xyz; sourceTree = "<group>"; };
		88BB934E25A4F6D10093746B /* AtomInfo.swift */ = {isa = PBXFileReference; lastKnownFileType = sourcecode.swift; path = AtomInfo.swift; sourceTree = "<group>"; };
		88D431F025B65A480039C051 /* Single.xyz */ = {isa = PBXFileReference; fileEncoding = 4; lastKnownFileType = text; path = Single.xyz; sourceTree = "<group>"; };
/* End PBXFileReference section */

/* Begin PBXFrameworksBuildPhase section */
		88BB930725A43F760093746B /* Frameworks */ = {
			isa = PBXFrameworksBuildPhase;
			buildActionMask = 2147483647;
			files = (
			);
			runOnlyForDeploymentPostprocessing = 0;
		};
		88BB931D25A43F790093746B /* Frameworks */ = {
			isa = PBXFrameworksBuildPhase;
			buildActionMask = 2147483647;
			files = (
			);
			runOnlyForDeploymentPostprocessing = 0;
		};
		88BB932825A43F7A0093746B /* Frameworks */ = {
			isa = PBXFrameworksBuildPhase;
			buildActionMask = 2147483647;
			files = (
			);
			runOnlyForDeploymentPostprocessing = 0;
		};
/* End PBXFrameworksBuildPhase section */

/* Begin PBXGroup section */
		88BB930125A43F760093746B = {
			isa = PBXGroup;
			children = (
				88BB930C25A43F760093746B /* iORA */,
				88BB932325A43F790093746B /* iORATests */,
				88BB932E25A43F7A0093746B /* iORAUITests */,
				88BB930B25A43F760093746B /* Products */,
			);
			sourceTree = "<group>";
		};
		88BB930B25A43F760093746B /* Products */ = {
			isa = PBXGroup;
			children = (
				88BB930A25A43F760093746B /* iORA.app */,
				88BB932025A43F790093746B /* iORATests.xctest */,
				88BB932B25A43F7A0093746B /* iORAUITests.xctest */,
			);
			name = Products;
			sourceTree = "<group>";
		};
		88BB930C25A43F760093746B /* iORA */ = {
			isa = PBXGroup;
			children = (
				88BB931125A43F760093746B /* ViewController.swift */,
				88149A5F25A648C500C7420F /* Bonds.swift */,
				88BB934025A43F970093746B /* Atoms.swift */,
				88BB934E25A4F6D10093746B /* AtomInfo.swift */,
				88BB931325A43F760093746B /* Main.storyboard */,
				88BB931625A43F790093746B /* Assets.xcassets */,
				88BB930F25A43F760093746B /* SceneDelegate.swift */,
				88BB930D25A43F760093746B /* AppDelegate.swift */,
				88BB931825A43F790093746B /* LaunchScreen.storyboard */,
				88BB931B25A43F790093746B /* Info.plist */,
				88BB934525A441660093746B /* SN2.xyz */,
				88D431F025B65A480039C051 /* Single.xyz */,
				88BB934A25A4416C0093746B /* XYZ Files */,
			);
			path = iORA;
			sourceTree = "<group>";
		};
		88BB932325A43F790093746B /* iORATests */ = {
			isa = PBXGroup;
			children = (
				88BB932425A43F790093746B /* iORATests.swift */,
				88BB932625A43F790093746B /* Info.plist */,
			);
			path = iORATests;
			sourceTree = "<group>";
		};
		88BB932E25A43F7A0093746B /* iORAUITests */ = {
			isa = PBXGroup;
			children = (
				88BB932F25A43F7A0093746B /* iORAUITests.swift */,
				88BB933125A43F7A0093746B /* Info.plist */,
			);
			path = iORAUITests;
			sourceTree = "<group>";
		};
		88BB934A25A4416C0093746B /* XYZ Files */ = {
			isa = PBXGroup;
			children = (
			);
			path = "XYZ Files";
			sourceTree = "<group>";
		};
/* End PBXGroup section */

/* Begin PBXNativeTarget section */
		88BB930925A43F760093746B /* iORA */ = {
			isa = PBXNativeTarget;
			buildConfigurationList = 88BB933425A43F7A0093746B /* Build configuration list for PBXNativeTarget "iORA" */;
			buildPhases = (
				88BB930625A43F760093746B /* Sources */,
				88BB930725A43F760093746B /* Frameworks */,
				88BB930825A43F760093746B /* Resources */,
			);
			buildRules = (
			);
			dependencies = (
			);
			name = iORA;
			productName = iORA;
			productReference = 88BB930A25A43F760093746B /* iORA.app */;
			productType = "com.apple.product-type.application";
		};
		88BB931F25A43F790093746B /* iORATests */ = {
			isa = PBXNativeTarget;
			buildConfigurationList = 88BB933725A43F7A0093746B /* Build configuration list for PBXNativeTarget "iORATests" */;
			buildPhases = (
				88BB931C25A43F790093746B /* Sources */,
				88BB931D25A43F790093746B /* Frameworks */,
				88BB931E25A43F790093746B /* Resources */,
			);
			buildRules = (
			);
			dependencies = (
				88BB932225A43F790093746B /* PBXTargetDependency */,
			);
			name = iORATests;
			productName = iORATests;
			productReference = 88BB932025A43F790093746B /* iORATests.xctest */;
			productType = "com.apple.product-type.bundle.unit-test";
		};
		88BB932A25A43F7A0093746B /* iORAUITests */ = {
			isa = PBXNativeTarget;
			buildConfigurationList = 88BB933A25A43F7A0093746B /* Build configuration list for PBXNativeTarget "iORAUITests" */;
			buildPhases = (
				88BB932725A43F7A0093746B /* Sources */,
				88BB932825A43F7A0093746B /* Frameworks */,
				88BB932925A43F7A0093746B /* Resources */,
			);
			buildRules = (
			);
			dependencies = (
				88BB932D25A43F7A0093746B /* PBXTargetDependency */,
			);
			name = iORAUITests;
			productName = iORAUITests;
			productReference = 88BB932B25A43F7A0093746B /* iORAUITests.xctest */;
			productType = "com.apple.product-type.bundle.ui-testing";
		};
/* End PBXNativeTarget section */

/* Begin PBXProject section */
		88BB930225A43F760093746B /* Project object */ = {
			isa = PBXProject;
			attributes = {
				LastSwiftUpdateCheck = 1230;
				LastUpgradeCheck = 1230;
				TargetAttributes = {
					88BB930925A43F760093746B = {
						CreatedOnToolsVersion = 12.3;
					};
					88BB931F25A43F790093746B = {
						CreatedOnToolsVersion = 12.3;
						TestTargetID = 88BB930925A43F760093746B;
					};
					88BB932A25A43F7A0093746B = {
						CreatedOnToolsVersion = 12.3;
						TestTargetID = 88BB930925A43F760093746B;
					};
				};
			};
			buildConfigurationList = 88BB930525A43F760093746B /* Build configuration list for PBXProject "iORA" */;
			compatibilityVersion = "Xcode 9.3";
			developmentRegion = en;
			hasScannedForEncodings = 0;
			knownRegions = (
				en,
				Base,
			);
			mainGroup = 88BB930125A43F760093746B;
			productRefGroup = 88BB930B25A43F760093746B /* Products */;
			projectDirPath = "";
			projectRoot = "";
			targets = (
				88BB930925A43F760093746B /* iORA */,
				88BB931F25A43F790093746B /* iORATests */,
				88BB932A25A43F7A0093746B /* iORAUITests */,
			);
		};
/* End PBXProject section */

/* Begin PBXResourcesBuildPhase section */
		88BB930825A43F760093746B /* Resources */ = {
			isa = PBXResourcesBuildPhase;
			buildActionMask = 2147483647;
			files = (
				88BB931A25A43F790093746B /* LaunchScreen.storyboard in Resources */,
				88BB931725A43F790093746B /* Assets.xcassets in Resources */,
				88D431F125B65A490039C051 /* Single.xyz in Resources */,
				88BB931525A43F760093746B /* Main.storyboard in Resources */,
				88BB934625A441660093746B /* SN2.xyz in Resources */,
			);
			runOnlyForDeploymentPostprocessing = 0;
		};
		88BB931E25A43F790093746B /* Resources */ = {
			isa = PBXResourcesBuildPhase;
			buildActionMask = 2147483647;
			files = (
			);
			runOnlyForDeploymentPostprocessing = 0;
		};
		88BB932925A43F7A0093746B /* Resources */ = {
			isa = PBXResourcesBuildPhase;
			buildActionMask = 2147483647;
			files = (
			);
			runOnlyForDeploymentPostprocessing = 0;
		};
/* End PBXResourcesBuildPhase section */

/* Begin PBXSourcesBuildPhase section */
		88BB930625A43F760093746B /* Sources */ = {
			isa = PBXSourcesBuildPhase;
			buildActionMask = 2147483647;
			files = (
				88149A6025A648C500C7420F /* Bonds.swift in Sources */,
				88BB931225A43F760093746B /* ViewController.swift in Sources */,
				88BB930E25A43F760093746B /* AppDelegate.swift in Sources */,
				88BB934F25A4F6D20093746B /* AtomInfo.swift in Sources */,
				88BB931025A43F760093746B /* SceneDelegate.swift in Sources */,
				88BB934125A43F970093746B /* Atoms.swift in Sources */,
			);
			runOnlyForDeploymentPostprocessing = 0;
		};
		88BB931C25A43F790093746B /* Sources */ = {
			isa = PBXSourcesBuildPhase;
			buildActionMask = 2147483647;
			files = (
				88BB932525A43F790093746B /* iORATests.swift in Sources */,
			);
			runOnlyForDeploymentPostprocessing = 0;
		};
		88BB932725A43F7A0093746B /* Sources */ = {
			isa = PBXSourcesBuildPhase;
			buildActionMask = 2147483647;
			files = (
				88BB933025A43F7A0093746B /* iORAUITests.swift in Sources */,
			);
			runOnlyForDeploymentPostprocessing = 0;
		};
/* End PBXSourcesBuildPhase section */

/* Begin PBXTargetDependency section */
		88BB932225A43F790093746B /* PBXTargetDependency */ = {
			isa = PBXTargetDependency;
			target = 88BB930925A43F760093746B /* iORA */;
			targetProxy = 88BB932125A43F790093746B /* PBXContainerItemProxy */;
		};
		88BB932D25A43F7A0093746B /* PBXTargetDependency */ = {
			isa = PBXTargetDependency;
			target = 88BB930925A43F760093746B /* iORA */;
			targetProxy = 88BB932C25A43F7A0093746B /* PBXContainerItemProxy */;
		};
/* End PBXTargetDependency section */

/* Begin PBXVariantGroup section */
		88BB931325A43F760093746B /* Main.storyboard */ = {
			isa = PBXVariantGroup;
			children = (
				88BB931425A43F760093746B /* Base */,
			);
			name = Main.storyboard;
			sourceTree = "<group>";
		};
		88BB931825A43F790093746B /* LaunchScreen.storyboard */ = {
			isa = PBXVariantGroup;
			children = (
				88BB931925A43F790093746B /* Base */,
			);
			name = LaunchScreen.storyboard;
			sourceTree = "<group>";
		};
/* End PBXVariantGroup section */

/* Begin XCBuildConfiguration section */
		88BB933225A43F7A0093746B /* Debug */ = {
			isa = XCBuildConfiguration;
			buildSettings = {
				ALWAYS_SEARCH_USER_PATHS = NO;
				CLANG_ANALYZER_NONNULL = YES;
				CLANG_ANALYZER_NUMBER_OBJECT_CONVERSION = YES_AGGRESSIVE;
				CLANG_CXX_LANGUAGE_STANDARD = "gnu++14";
				CLANG_CXX_LIBRARY = "libc++";
				CLANG_ENABLE_MODULES = YES;
				CLANG_ENABLE_OBJC_ARC = YES;
				CLANG_ENABLE_OBJC_WEAK = YES;
				CLANG_WARN_BLOCK_CAPTURE_AUTORELEASING = YES;
				CLANG_WARN_BOOL_CONVERSION = YES;
				CLANG_WARN_COMMA = YES;
				CLANG_WARN_CONSTANT_CONVERSION = YES;
				CLANG_WARN_DEPRECATED_OBJC_IMPLEMENTATIONS = YES;
				CLANG_WARN_DIRECT_OBJC_ISA_USAGE = YES_ERROR;
				CLANG_WARN_DOCUMENTATION_COMMENTS = YES;
				CLANG_WARN_EMPTY_BODY = YES;
				CLANG_WARN_ENUM_CONVERSION = YES;
				CLANG_WARN_INFINITE_RECURSION = YES;
				CLANG_WARN_INT_CONVERSION = YES;
				CLANG_WARN_NON_LITERAL_NULL_CONVERSION = YES;
				CLANG_WARN_OBJC_IMPLICIT_RETAIN_SELF = YES;
				CLANG_WARN_OBJC_LITERAL_CONVERSION = YES;
				CLANG_WARN_OBJC_ROOT_CLASS = YES_ERROR;
				CLANG_WARN_QUOTED_INCLUDE_IN_FRAMEWORK_HEADER = YES;
				CLANG_WARN_RANGE_LOOP_ANALYSIS = YES;
				CLANG_WARN_STRICT_PROTOTYPES = YES;
				CLANG_WARN_SUSPICIOUS_MOVE = YES;
				CLANG_WARN_UNGUARDED_AVAILABILITY = YES_AGGRESSIVE;
				CLANG_WARN_UNREACHABLE_CODE = YES;
				CLANG_WARN__DUPLICATE_METHOD_MATCH = YES;
				COPY_PHASE_STRIP = NO;
				DEBUG_INFORMATION_FORMAT = dwarf;
				ENABLE_STRICT_OBJC_MSGSEND = YES;
				ENABLE_TESTABILITY = YES;
				GCC_C_LANGUAGE_STANDARD = gnu11;
				GCC_DYNAMIC_NO_PIC = NO;
				GCC_NO_COMMON_BLOCKS = YES;
				GCC_OPTIMIZATION_LEVEL = 0;
				GCC_PREPROCESSOR_DEFINITIONS = (
					"DEBUG=1",
					"$(inherited)",
				);
				GCC_WARN_64_TO_32_BIT_CONVERSION = YES;
				GCC_WARN_ABOUT_RETURN_TYPE = YES_ERROR;
				GCC_WARN_UNDECLARED_SELECTOR = YES;
				GCC_WARN_UNINITIALIZED_AUTOS = YES_AGGRESSIVE;
				GCC_WARN_UNUSED_FUNCTION = YES;
				GCC_WARN_UNUSED_VARIABLE = YES;
				IPHONEOS_DEPLOYMENT_TARGET = 14.3;
				MTL_ENABLE_DEBUG_INFO = INCLUDE_SOURCE;
				MTL_FAST_MATH = YES;
				ONLY_ACTIVE_ARCH = YES;
				SDKROOT = iphoneos;
				SWIFT_ACTIVE_COMPILATION_CONDITIONS = DEBUG;
				SWIFT_OPTIMIZATION_LEVEL = "-Onone";
			};
			name = Debug;
		};
		88BB933325A43F7A0093746B /* Release */ = {
			isa = XCBuildConfiguration;
			buildSettings = {
				ALWAYS_SEARCH_USER_PATHS = NO;
				CLANG_ANALYZER_NONNULL = YES;
				CLANG_ANALYZER_NUMBER_OBJECT_CONVERSION = YES_AGGRESSIVE;
				CLANG_CXX_LANGUAGE_STANDARD = "gnu++14";
				CLANG_CXX_LIBRARY = "libc++";
				CLANG_ENABLE_MODULES = YES;
				CLANG_ENABLE_OBJC_ARC = YES;
				CLANG_ENABLE_OBJC_WEAK = YES;
				CLANG_WARN_BLOCK_CAPTURE_AUTORELEASING = YES;
				CLANG_WARN_BOOL_CONVERSION = YES;
				CLANG_WARN_COMMA = YES;
				CLANG_WARN_CONSTANT_CONVERSION = YES;
				CLANG_WARN_DEPRECATED_OBJC_IMPLEMENTATIONS = YES;
				CLANG_WARN_DIRECT_OBJC_ISA_USAGE = YES_ERROR;
				CLANG_WARN_DOCUMENTATION_COMMENTS = YES;
				CLANG_WARN_EMPTY_BODY = YES;
				CLANG_WARN_ENUM_CONVERSION = YES;
				CLANG_WARN_INFINITE_RECURSION = YES;
				CLANG_WARN_INT_CONVERSION = YES;
				CLANG_WARN_NON_LITERAL_NULL_CONVERSION = YES;
				CLANG_WARN_OBJC_IMPLICIT_RETAIN_SELF = YES;
				CLANG_WARN_OBJC_LITERAL_CONVERSION = YES;
				CLANG_WARN_OBJC_ROOT_CLASS = YES_ERROR;
				CLANG_WARN_QUOTED_INCLUDE_IN_FRAMEWORK_HEADER = YES;
				CLANG_WARN_RANGE_LOOP_ANALYSIS = YES;
				CLANG_WARN_STRICT_PROTOTYPES = YES;
				CLANG_WARN_SUSPICIOUS_MOVE = YES;
				CLANG_WARN_UNGUARDED_AVAILABILITY = YES_AGGRESSIVE;
				CLANG_WARN_UNREACHABLE_CODE = YES;
				CLANG_WARN__DUPLICATE_METHOD_MATCH = YES;
				COPY_PHASE_STRIP = NO;
				DEBUG_INFORMATION_FORMAT = "dwarf-with-dsym";
				ENABLE_NS_ASSERTIONS = NO;
				ENABLE_STRICT_OBJC_MSGSEND = YES;
				GCC_C_LANGUAGE_STANDARD = gnu11;
				GCC_NO_COMMON_BLOCKS = YES;
				GCC_WARN_64_TO_32_BIT_CONVERSION = YES;
				GCC_WARN_ABOUT_RETURN_TYPE = YES_ERROR;
				GCC_WARN_UNDECLARED_SELECTOR = YES;
				GCC_WARN_UNINITIALIZED_AUTOS = YES_AGGRESSIVE;
				GCC_WARN_UNUSED_FUNCTION = YES;
				GCC_WARN_UNUSED_VARIABLE = YES;
				IPHONEOS_DEPLOYMENT_TARGET = 14.3;
				MTL_ENABLE_DEBUG_INFO = NO;
				MTL_FAST_MATH = YES;
				SDKROOT = iphoneos;
				SWIFT_COMPILATION_MODE = wholemodule;
				SWIFT_OPTIMIZATION_LEVEL = "-O";
				VALIDATE_PRODUCT = YES;
			};
			name = Release;
		};
		88BB933525A43F7A0093746B /* Debug */ = {
			isa = XCBuildConfiguration;
			buildSettings = {
				ASSETCATALOG_COMPILER_APPICON_NAME = AppIcon;
				ASSETCATALOG_COMPILER_GLOBAL_ACCENT_COLOR_NAME = AccentColor;
				CODE_SIGN_STYLE = Automatic;
				DEVELOPMENT_TEAM = 7XY4V4PZH2;
				INFOPLIST_FILE = iORA/Info.plist;
				LD_RUNPATH_SEARCH_PATHS = (
					"$(inherited)",
					"@executable_path/Frameworks",
				);
				PRODUCT_BUNDLE_IDENTIFIER = com.gabetrotro.iORA;
				PRODUCT_NAME = "$(TARGET_NAME)";
				SWIFT_VERSION = 5.0;
				TARGETED_DEVICE_FAMILY = "1,2";
			};
			name = Debug;
		};
		88BB933625A43F7A0093746B /* Release */ = {
			isa = XCBuildConfiguration;
			buildSettings = {
				ASSETCATALOG_COMPILER_APPICON_NAME = AppIcon;
				ASSETCATALOG_COMPILER_GLOBAL_ACCENT_COLOR_NAME = AccentColor;
				CODE_SIGN_STYLE = Automatic;
				DEVELOPMENT_TEAM = 7XY4V4PZH2;
				INFOPLIST_FILE = iORA/Info.plist;
				LD_RUNPATH_SEARCH_PATHS = (
					"$(inherited)",
					"@executable_path/Frameworks",
				);
				PRODUCT_BUNDLE_IDENTIFIER = com.gabetrotro.iORA;
				PRODUCT_NAME = "$(TARGET_NAME)";
				SWIFT_VERSION = 5.0;
				TARGETED_DEVICE_FAMILY = "1,2";
			};
			name = Release;
		};
		88BB933825A43F7A0093746B /* Debug */ = {
			isa = XCBuildConfiguration;
			buildSettings = {
				ALWAYS_EMBED_SWIFT_STANDARD_LIBRARIES = YES;
				BUNDLE_LOADER = "$(TEST_HOST)";
				CODE_SIGN_STYLE = Automatic;
				DEVELOPMENT_TEAM = 7XY4V4PZH2;
				INFOPLIST_FILE = iORATests/Info.plist;
				IPHONEOS_DEPLOYMENT_TARGET = 14.3;
				LD_RUNPATH_SEARCH_PATHS = (
					"$(inherited)",
					"@executable_path/Frameworks",
					"@loader_path/Frameworks",
				);
				PRODUCT_BUNDLE_IDENTIFIER = com.gabetrotro.iORATests;
				PRODUCT_NAME = "$(TARGET_NAME)";
				SWIFT_VERSION = 5.0;
				TARGETED_DEVICE_FAMILY = "1,2";
				TEST_HOST = "$(BUILT_PRODUCTS_DIR)/iORA.app/iORA";
			};
			name = Debug;
		};
		88BB933925A43F7A0093746B /* Release */ = {
			isa = XCBuildConfiguration;
			buildSettings = {
				ALWAYS_EMBED_SWIFT_STANDARD_LIBRARIES = YES;
				BUNDLE_LOADER = "$(TEST_HOST)";
				CODE_SIGN_STYLE = Automatic;
				DEVELOPMENT_TEAM = 7XY4V4PZH2;
				INFOPLIST_FILE = iORATests/Info.plist;
				IPHONEOS_DEPLOYMENT_TARGET = 14.3;
				LD_RUNPATH_SEARCH_PATHS = (
					"$(inherited)",
					"@executable_path/Frameworks",
					"@loader_path/Frameworks",
				);
				PRODUCT_BUNDLE_IDENTIFIER = com.gabetrotro.iORATests;
				PRODUCT_NAME = "$(TARGET_NAME)";
				SWIFT_VERSION = 5.0;
				TARGETED_DEVICE_FAMILY = "1,2";
				TEST_HOST = "$(BUILT_PRODUCTS_DIR)/iORA.app/iORA";
			};
			name = Release;
		};
		88BB933B25A43F7A0093746B /* Debug */ = {
			isa = XCBuildConfiguration;
			buildSettings = {
				ALWAYS_EMBED_SWIFT_STANDARD_LIBRARIES = YES;
				CODE_SIGN_STYLE = Automatic;
				DEVELOPMENT_TEAM = 7XY4V4PZH2;
				INFOPLIST_FILE = iORAUITests/Info.plist;
				LD_RUNPATH_SEARCH_PATHS = (
					"$(inherited)",
					"@executable_path/Frameworks",
					"@loader_path/Frameworks",
				);
				PRODUCT_BUNDLE_IDENTIFIER = com.gabetrotro.iORAUITests;
				PRODUCT_NAME = "$(TARGET_NAME)";
				SWIFT_VERSION = 5.0;
				TARGETED_DEVICE_FAMILY = "1,2";
				TEST_TARGET_NAME = iORA;
			};
			name = Debug;
		};
		88BB933C25A43F7A0093746B /* Release */ = {
			isa = XCBuildConfiguration;
			buildSettings = {
				ALWAYS_EMBED_SWIFT_STANDARD_LIBRARIES = YES;
				CODE_SIGN_STYLE = Automatic;
				DEVELOPMENT_TEAM = 7XY4V4PZH2;
				INFOPLIST_FILE = iORAUITests/Info.plist;
				LD_RUNPATH_SEARCH_PATHS = (
					"$(inherited)",
					"@executable_path/Frameworks",
					"@loader_path/Frameworks",
				);
				PRODUCT_BUNDLE_IDENTIFIER = com.gabetrotro.iORAUITests;
				PRODUCT_NAME = "$(TARGET_NAME)";
				SWIFT_VERSION = 5.0;
				TARGETED_DEVICE_FAMILY = "1,2";
				TEST_TARGET_NAME = iORA;
			};
			name = Release;
		};
/* End XCBuildConfiguration section */

/* Begin XCConfigurationList section */
		88BB930525A43F760093746B /* Build configuration list for PBXProject "iORA" */ = {
			isa = XCConfigurationList;
			buildConfigurations = (
				88BB933225A43F7A0093746B /* Debug */,
				88BB933325A43F7A0093746B /* Release */,
			);
			defaultConfigurationIsVisible = 0;
			defaultConfigurationName = Release;
		};
		88BB933425A43F7A0093746B /* Build configuration list for PBXNativeTarget "iORA" */ = {
			isa = XCConfigurationList;
			buildConfigurations = (
				88BB933525A43F7A0093746B /* Debug */,
				88BB933625A43F7A0093746B /* Release */,
			);
			defaultConfigurationIsVisible = 0;
			defaultConfigurationName = Release;
		};
		88BB933725A43F7A0093746B /* Build configuration list for PBXNativeTarget "iORATests" */ = {
			isa = XCConfigurationList;
			buildConfigurations = (
				88BB933825A43F7A0093746B /* Debug */,
				88BB933925A43F7A0093746B /* Release */,
			);
			defaultConfigurationIsVisible = 0;
			defaultConfigurationName = Release;
		};
		88BB933A25A43F7A0093746B /* Build configuration list for PBXNativeTarget "iORAUITests" */ = {
			isa = XCConfigurationList;
			buildConfigurations = (
				88BB933B25A43F7A0093746B /* Debug */,
				88BB933C25A43F7A0093746B /* Release */,
			);
			defaultConfigurationIsVisible = 0;
			defaultConfigurationName = Release;
		};
/* End XCConfigurationList section */
	};
	rootObject = 88BB930225A43F760093746B /* Project object */;
}
